
Microsoft Visual Studio Solution File, Format Version 12.00
# Visual Studio 15
Project("{FAE04EC0-301F-11D3-BF4B-00C04F79EFBC}") = "Assembly-CSharp-Editor", "Assembly-CSharp-Editor.csproj", "{AAAECD79-97BC-0238-0238-87B5553C8421}"
EndProject
Project("{FAE04EC0-301F-11D3-BF4B-00C04F79EFBC}") = "Assembly-CSharp", "Assembly-CSharp.csproj", "{7C2CB334-F9DF-CDC6-98E2-21757B2A4456}"
EndProject
Global
	GlobalSection(SolutionConfigurationPlatforms) = preSolution
		Debug|Any CPU = Debug|Any CPU
		Release|Any CPU = Release|Any CPU
	EndGlobalSection
	GlobalSection(ProjectConfigurationPlatforms) = postSolution
		{AAAECD79-97BC-0238-0238-87B5553C8421}.Debug|Any CPU.ActiveCfg = Debug|Any CPU
		{AAAECD79-97BC-0238-0238-87B5553C8421}.Debug|Any CPU.Build.0 = Debug|Any CPU
		{AAAECD79-97BC-0238-0238-87B5553C8421}.Release|Any CPU.ActiveCfg = Release|Any CPU
		{AAAECD79-97BC-0238-0238-87B5553C8421}.Release|Any CPU.Build.0 = Release|Any CPU
		{7C2CB334-F9DF-CDC6-98E2-21757B2A4456}.Debug|Any CPU.ActiveCfg = Debug|Any CPU
		{7C2CB334-F9DF-CDC6-98E2-21757B2A4456}.Debug|Any CPU.Build.0 = Debug|Any CPU
		{7C2CB334-F9DF-CDC6-98E2-21757B2A4456}.Release|Any CPU.ActiveCfg = Release|Any CPU
		{7C2CB334-F9DF-CDC6-98E2-21757B2A4456}.Release|Any CPU.Build.0 = Release|Any CPU
	EndGlobalSection
	GlobalSection(SolutionProperties) = preSolution
		HideSolutionNode = FALSE
	EndGlobalSection
EndGlobal
